
Microsoft Visual Studio Solution File, Format Version 12.00
# Visual Studio Version 17
VisualStudioVersion = 17.8.34601.278
MinimumVisualStudioVersion = 10.0.40219.1
Project("{2150E333-8FDC-42A3-9474-1A3956D46DE8}") = "host", "host", "{26DA8121-5186-4D5E-B45B-A0A750E8B746}"
EndProject
Project("{9A19103F-16F7-4668-BE54-9A1E7A4F7556}") = "ZQH.MicroService.Workflows.ElsaHttpApi.Host", "services\ZQH.MicroService.WorkflowsManagement.ElsaHttpApi.Host\ZQH.MicroService.Workflows.ElsaHttpApi.Host.csproj", "{A09BD965-83D2-4501-BD0B-B474D85076FA}"
EndProject
Project("{2150E333-8FDC-42A3-9474-1A3956D46DE8}") = "modules", "modules", "{A6FA024F-5091-4304-B2B3-6171500E9C73}"
EndProject
Project("{2150E333-8FDC-42A3-9474-1A3956D46DE8}") = "Onboarding", "Onboarding", "{211E0237-786E-47E4-8B05-152AEB031738}"
EndProject
Project("{9A19103F-16F7-4668-BE54-9A1E7A4F7556}") = "ZQH.Abp.Onboarding.Domain.Shared", "modules\Onboarding\ZQH.Abp.Onboarding.Domain.Shared\ZQH.Abp.Onboarding.Domain.Shared.csproj", "{553B442A-756C-47E9-B234-7ADDA0CCEB59}"
EndProject
Project("{9A19103F-16F7-4668-BE54-9A1E7A4F7556}") = "ZQH.Abp.Onboarding.Domain", "modules\Onboarding\ZQH.Abp.Onboarding.Domain\ZQH.Abp.Onboarding.Domain.csproj", "{0971C41B-AD5A-488E-9953-9CF0F9CEA1ED}"
EndProject
Project("{9A19103F-16F7-4668-BE54-9A1E7A4F7556}") = "ZQH.Abp.Onboarding.Application.Contracts", "modules\Onboarding\ZQH.Abp.Onboarding.Application.Contracts\ZQH.Abp.Onboarding.Application.Contracts.csproj", "{F000D96A-4F95-4E51-B831-FC887B08733F}"
EndProject
Project("{9A19103F-16F7-4668-BE54-9A1E7A4F7556}") = "ZQH.Abp.Onboarding.Application", "modules\Onboarding\ZQH.Abp.Onboarding.Application\ZQH.Abp.Onboarding.Application.csproj", "{8AC0BF50-651E-4ECB-A394-312420CF8198}"
EndProject
Project("{9A19103F-16F7-4668-BE54-9A1E7A4F7556}") = "ZQH.Abp.Onboarding.HttpApi", "modules\Onboarding\ZQH.Abp.Onboarding.HttpApi\ZQH.Abp.Onboarding.HttpApi.csproj", "{52B2CD6F-794C-440B-A490-0A5EC1621E59}"
EndProject
Project("{9A19103F-16F7-4668-BE54-9A1E7A4F7556}") = "ZQH.Abp.Onboarding.EntityFrameworkCore", "modules\Onboarding\ZQH.Abp.Onboarding.EntityFrameworkCore\ZQH.Abp.Onboarding.EntityFrameworkCore.csproj", "{B72FFD28-DC7D-4BD8-B954-BA1F961D8FBE}"
EndProject
Project("{2150E333-8FDC-42A3-9474-1A3956D46DE8}") = "migrations", "migrations", "{E553F8EC-654D-44BD-B0C0-890F2393283B}"
EndProject
Project("{9A19103F-16F7-4668-BE54-9A1E7A4F7556}") = "ZQH.MicroService.Onboarding.DbMigrator", "migrations\ZQH.MicroService.Onboarding.DbMigrator\ZQH.MicroService.Onboarding.DbMigrator.csproj", "{E7F5C203-44BE-4E2C-A39A-32DD4DE65524}"
EndProject
Project("{9A19103F-16F7-4668-BE54-9A1E7A4F7556}") = "ZQH.MicroService.Onboarding.EntityFrameworkCore", "migrations\ZQH.MicroService.Onboarding.EntityFrameworkCore\ZQH.MicroService.Onboarding.EntityFrameworkCore.csproj", "{73651A9C-0BE0-4E10-80D6-129289CF9497}"
EndProject
Project("{2150E333-8FDC-42A3-9474-1A3956D46DE8}") = "framework", "framework", "{8302448B-5A66-471B-93AE-DE54FD9C93CD}"
EndProject
Project("{2150E333-8FDC-42A3-9474-1A3956D46DE8}") = "common", "common", "{EAD573E2-5D11-4B93-BD9A-DCA2A7EC976F}"
EndProject
Project("{9A19103F-16F7-4668-BE54-9A1E7A4F7556}") = "ZQH.Abp.Data.DbMigrator", "framework\common\ZQH.Abp.Data.DbMigrator\ZQH.Abp.Data.DbMigrator.csproj", "{8C8510F3-7B7F-4835-82C7-5D3FAF2B73B3}"
EndProject
Project("{2150E333-8FDC-42A3-9474-1A3956D46DE8}") = "Saas", "Saas", "{9B9B9CA9-0973-49A4-8AA9-A2D0C9D37664}"
EndProject
Project("{9A19103F-16F7-4668-BE54-9A1E7A4F7556}") = "ZQH.Abp.Saas.EntityFrameworkCore", "modules\saas\ZQH.Abp.Saas.EntityFrameworkCore\ZQH.Abp.Saas.EntityFrameworkCore.csproj", "{B1095134-4ECB-4065-9A5E-B081372FD010}"
EndProject
Project("{2150E333-8FDC-42A3-9474-1A3956D46DE8}") = "wrapper", "wrapper", "{6AB59994-2F96-4396-8A90-EA82C15375F7}"
EndProject
Project("{9A19103F-16F7-4668-BE54-9A1E7A4F7556}") = "ZQH.Abp.AspNetCore.Mvc.Wrapper", "framework\mvc\ZQH.Abp.AspNetCore.Mvc.Wrapper\ZQH.Abp.AspNetCore.Mvc.Wrapper.csproj", "{D80B0421-9348-4AEF-9C77-543D0D888423}"
EndProject
Project("{2150E333-8FDC-42A3-9474-1A3956D46DE8}") = "logging", "logging", "{14B8D375-1858-43FD-85B7-DE5B97FDF6D8}"
EndProject
Project("{9A19103F-16F7-4668-BE54-9A1E7A4F7556}") = "ZQH.Abp.Serilog.Enrichers.Application", "framework\logging\ZQH.Abp.Serilog.Enrichers.Application\ZQH.Abp.Serilog.Enrichers.Application.csproj", "{E7375947-F412-4504-A8FE-2283AA1D3A55}"
EndProject
Project("{9A19103F-16F7-4668-BE54-9A1E7A4F7556}") = "ZQH.Abp.Serilog.Enrichers.UniqueId", "framework\logging\ZQH.Abp.Serilog.Enrichers.UniqueId\ZQH.Abp.Serilog.Enrichers.UniqueId.csproj", "{9038E353-588A-401E-91B3-09C867EAC2F6}"
EndProject
Project("{9A19103F-16F7-4668-BE54-9A1E7A4F7556}") = "ZQH.Abp.Localization.Persistence", "framework\localization\ZQH.Abp.Localization.Persistence\ZQH.Abp.Localization.Persistence.csproj", "{BA18888E-E078-4669-AE1D-114D5666DFF3}"
EndProject
Project("{9A19103F-16F7-4668-BE54-9A1E7A4F7556}") = "ZQH.Abp.Localization.CultureMap", "framework\localization\ZQH.Abp.Localization.CultureMap\ZQH.Abp.Localization.CultureMap.csproj", "{9550ECD9-9C37-4671-9EC4-163A437766B5}"
EndProject
Project("{9A19103F-16F7-4668-BE54-9A1E7A4F7556}") = "ZQH.Abp.LocalizationManagement.EntityFrameworkCore", "modules\localization-management\ZQH.Abp.LocalizationManagement.EntityFrameworkCore\ZQH.Abp.LocalizationManagement.EntityFrameworkCore.csproj", "{6893D4D3-3260-42BD-9FCE-A7B352209D18}"
EndProject
Project("{9A19103F-16F7-4668-BE54-9A1E7A4F7556}") = "ZQH.Abp.LocalizationManagement.Domain", "modules\localization-management\ZQH.Abp.LocalizationManagement.Domain\ZQH.Abp.LocalizationManagement.Domain.csproj", "{18FC860A-4920-4BB4-BF5B-31F42FD40222}"
EndProject
Project("{9A19103F-16F7-4668-BE54-9A1E7A4F7556}") = "ZQH.Abp.LocalizationManagement.Domain.Shared", "modules\localization-management\ZQH.Abp.LocalizationManagement.Domain.Shared\ZQH.Abp.LocalizationManagement.Domain.Shared.csproj", "{07BBD0FA-F24F-492A-98D7-C07218556532}"
EndProject
Project("{2150E333-8FDC-42A3-9474-1A3956D46DE8}") = "auditing", "auditing", "{CF3172FA-DB84-40BA-A8E5-E12A5969FE1C}"
EndProject
Project("{9A19103F-16F7-4668-BE54-9A1E7A4F7556}") = "ZQH.Abp.AuditLogging.Elasticsearch", "framework\auditing\ZQH.Abp.AuditLogging.Elasticsearch\ZQH.Abp.AuditLogging.Elasticsearch.csproj", "{DBAF7059-9527-43F6-A78D-F4CA98E51B00}"
EndProject
Project("{9A19103F-16F7-4668-BE54-9A1E7A4F7556}") = "ZQH.Abp.AuditLogging", "framework\auditing\ZQH.Abp.AuditLogging\ZQH.Abp.AuditLogging.csproj", "{8A93A2CE-9F16-45D6-A8C0-8319620F1A44}"
EndProject
Project("{9A19103F-16F7-4668-BE54-9A1E7A4F7556}") = "ZQH.Abp.AspNetCore.Mvc.Localization", "framework\localization\ZQH.Abp.AspNetCore.Mvc.Localization\ZQH.Abp.AspNetCore.Mvc.Localization.csproj", "{BB33C450-AB82-4819-89E2-FECD2FD7729C}"
EndProject
Project("{9A19103F-16F7-4668-BE54-9A1E7A4F7556}") = "ZQH.Abp.AspNetCore.HttpOverrides", "framework\common\ZQH.Abp.AspNetCore.HttpOverrides\ZQH.Abp.AspNetCore.HttpOverrides.csproj", "{78C95C83-9F26-45B1-9C7C-9999AE9DE981}"
EndProject
Project("{9A19103F-16F7-4668-BE54-9A1E7A4F7556}") = "ZQH.Abp.Http.Client.Wrapper", "framework\common\ZQH.Abp.Http.Client.Wrapper\ZQH.Abp.Http.Client.Wrapper.csproj", "{14D9C04C-2DB6-46F7-A128-49B8145C69FB}"
EndProject
Project("{9A19103F-16F7-4668-BE54-9A1E7A4F7556}") = "ZQH.Abp.BackgroundTasks.Quartz", "modules\task-management\ZQH.Abp.BackgroundTasks.Quartz\ZQH.Abp.BackgroundTasks.Quartz.csproj", "{D9CBD7DC-5F8E-4200-B683-E9801C66267B}"
EndProject
Project("{9A19103F-16F7-4668-BE54-9A1E7A4F7556}") = "ZQH.Abp.ExceptionHandling", "framework\common\ZQH.Abp.ExceptionHandling\ZQH.Abp.ExceptionHandling.csproj", "{5A177F1C-0C0A-4310-9D47-511B80CA2851}"
EndProject
Project("{9A19103F-16F7-4668-BE54-9A1E7A4F7556}") = "ZQH.Abp.MultiTenancy.Editions", "framework\tenants\ZQH.Abp.MultiTenancy.Editions\ZQH.Abp.MultiTenancy.Editions.csproj", "{8DEBFFEE-8F01-4981-9175-14C8C239B2FB}"
EndProject
Project("{9A19103F-16F7-4668-BE54-9A1E7A4F7556}") = "ZQH.Abp.Identity.EntityFrameworkCore", "modules\identity\ZQH.Abp.Identity.EntityFrameworkCore\ZQH.Abp.Identity.EntityFrameworkCore.csproj", "{D982A048-3CBB-4A6C-8842-B66B54D1BF4D}"
EndProject
Project("{9A19103F-16F7-4668-BE54-9A1E7A4F7556}") = "ZQH.Abp.EventBus.CAP", "framework\common\ZQH.Abp.EventBus.CAP\ZQH.Abp.EventBus.CAP.csproj", "{3ED4E44C-16D3-4168-9FB2-C24E265AE78D}"
EndProject
Project("{9A19103F-16F7-4668-BE54-9A1E7A4F7556}") = "ZQH.Abp.Authorization.OrganizationUnits", "framework\authorization\ZQH.Abp.Authorization.OrganizationUnits\ZQH.Abp.Authorization.OrganizationUnits.csproj", "{AEC00FDA-9A0F-42CB-96AC-8E8624176BDD}"
EndProject
Project("{2150E333-8FDC-42A3-9474-1A3956D46DE8}") = "identity", "identity", "{1693B2AD-8EAB-43AD-8836-47361159F6D4}"
EndProject
Project("{9A19103F-16F7-4668-BE54-9A1E7A4F7556}") = "ZQH.Abp.Identity.Session.AspNetCore", "modules\identity\ZQH.Abp.Identity.Session.AspNetCore\ZQH.Abp.Identity.Session.AspNetCore.csproj", "{24107F4C-EF64-4CDB-9950-685B63E60885}"
EndProject
Global
	GlobalSection(SolutionConfigurationPlatforms) = preSolution
		Debug|Any CPU = Debug|Any CPU
		Release|Any CPU = Release|Any CPU
	EndGlobalSection
	GlobalSection(ProjectConfigurationPlatforms) = postSolution
		{A09BD965-83D2-4501-BD0B-B474D85076FA}.Debug|Any CPU.ActiveCfg = Debug|Any CPU
		{A09BD965-83D2-4501-BD0B-B474D85076FA}.Debug|Any CPU.Build.0 = Debug|Any CPU
		{A09BD965-83D2-4501-BD0B-B474D85076FA}.Release|Any CPU.ActiveCfg = Release|Any CPU
		{A09BD965-83D2-4501-BD0B-B474D85076FA}.Release|Any CPU.Build.0 = Release|Any CPU
		{553B442A-756C-47E9-B234-7ADDA0CCEB59}.Debug|Any CPU.ActiveCfg = Debug|Any CPU
		{553B442A-756C-47E9-B234-7ADDA0CCEB59}.Debug|Any CPU.Build.0 = Debug|Any CPU
		{553B442A-756C-47E9-B234-7ADDA0CCEB59}.Release|Any CPU.ActiveCfg = Release|Any CPU
		{553B442A-756C-47E9-B234-7ADDA0CCEB59}.Release|Any CPU.Build.0 = Release|Any CPU
		{0971C41B-AD5A-488E-9953-9CF0F9CEA1ED}.Debug|Any CPU.ActiveCfg = Debug|Any CPU
		{0971C41B-AD5A-488E-9953-9CF0F9CEA1ED}.Debug|Any CPU.Build.0 = Debug|Any CPU
		{0971C41B-AD5A-488E-9953-9CF0F9CEA1ED}.Release|Any CPU.ActiveCfg = Release|Any CPU
		{0971C41B-AD5A-488E-9953-9CF0F9CEA1ED}.Release|Any CPU.Build.0 = Release|Any CPU
		{F000D96A-4F95-4E51-B831-FC887B08733F}.Debug|Any CPU.ActiveCfg = Debug|Any CPU
		{F000D96A-4F95-4E51-B831-FC887B08733F}.Debug|Any CPU.Build.0 = Debug|Any CPU
		{F000D96A-4F95-4E51-B831-FC887B08733F}.Release|Any CPU.ActiveCfg = Release|Any CPU
		{F000D96A-4F95-4E51-B831-FC887B08733F}.Release|Any CPU.Build.0 = Release|Any CPU
		{8AC0BF50-651E-4ECB-A394-312420CF8198}.Debug|Any CPU.ActiveCfg = Debug|Any CPU
		{8AC0BF50-651E-4ECB-A394-312420CF8198}.Debug|Any CPU.Build.0 = Debug|Any CPU
		{8AC0BF50-651E-4ECB-A394-312420CF8198}.Release|Any CPU.ActiveCfg = Release|Any CPU
		{8AC0BF50-651E-4ECB-A394-312420CF8198}.Release|Any CPU.Build.0 = Release|Any CPU
		{52B2CD6F-794C-440B-A490-0A5EC1621E59}.Debug|Any CPU.ActiveCfg = Debug|Any CPU
		{52B2CD6F-794C-440B-A490-0A5EC1621E59}.Debug|Any CPU.Build.0 = Debug|Any CPU
		{52B2CD6F-794C-440B-A490-0A5EC1621E59}.Release|Any CPU.ActiveCfg = Release|Any CPU
		{52B2CD6F-794C-440B-A490-0A5EC1621E59}.Release|Any CPU.Build.0 = Release|Any CPU
		{B72FFD28-DC7D-4BD8-B954-BA1F961D8FBE}.Debug|Any CPU.ActiveCfg = Debug|Any CPU
		{B72FFD28-DC7D-4BD8-B954-BA1F961D8FBE}.Debug|Any CPU.Build.0 = Debug|Any CPU
		{B72FFD28-DC7D-4BD8-B954-BA1F961D8FBE}.Release|Any CPU.ActiveCfg = Release|Any CPU
		{B72FFD28-DC7D-4BD8-B954-BA1F961D8FBE}.Release|Any CPU.Build.0 = Release|Any CPU
		{E7F5C203-44BE-4E2C-A39A-32DD4DE65524}.Debug|Any CPU.ActiveCfg = Debug|Any CPU
		{E7F5C203-44BE-4E2C-A39A-32DD4DE65524}.Debug|Any CPU.Build.0 = Debug|Any CPU
		{E7F5C203-44BE-4E2C-A39A-32DD4DE65524}.Release|Any CPU.ActiveCfg = Release|Any CPU
		{E7F5C203-44BE-4E2C-A39A-32DD4DE65524}.Release|Any CPU.Build.0 = Release|Any CPU
		{73651A9C-0BE0-4E10-80D6-129289CF9497}.Debug|Any CPU.ActiveCfg = Debug|Any CPU
		{73651A9C-0BE0-4E10-80D6-129289CF9497}.Debug|Any CPU.Build.0 = Debug|Any CPU
		{73651A9C-0BE0-4E10-80D6-129289CF9497}.Release|Any CPU.ActiveCfg = Release|Any CPU
		{73651A9C-0BE0-4E10-80D6-129289CF9497}.Release|Any CPU.Build.0 = Release|Any CPU
		{8C8510F3-7B7F-4835-82C7-5D3FAF2B73B3}.Debug|Any CPU.ActiveCfg = Debug|Any CPU
		{8C8510F3-7B7F-4835-82C7-5D3FAF2B73B3}.Debug|Any CPU.Build.0 = Debug|Any CPU
		{8C8510F3-7B7F-4835-82C7-5D3FAF2B73B3}.Release|Any CPU.ActiveCfg = Release|Any CPU
		{8C8510F3-7B7F-4835-82C7-5D3FAF2B73B3}.Release|Any CPU.Build.0 = Release|Any CPU
		{B1095134-4ECB-4065-9A5E-B081372FD010}.Debug|Any CPU.ActiveCfg = Debug|Any CPU
		{B1095134-4ECB-4065-9A5E-B081372FD010}.Debug|Any CPU.Build.0 = Debug|Any CPU
		{B1095134-4ECB-4065-9A5E-B081372FD010}.Release|Any CPU.ActiveCfg = Release|Any CPU
		{B1095134-4ECB-4065-9A5E-B081372FD010}.Release|Any CPU.Build.0 = Release|Any CPU
		{D80B0421-9348-4AEF-9C77-543D0D888423}.Debug|Any CPU.ActiveCfg = Debug|Any CPU
		{D80B0421-9348-4AEF-9C77-543D0D888423}.Debug|Any CPU.Build.0 = Debug|Any CPU
		{D80B0421-9348-4AEF-9C77-543D0D888423}.Release|Any CPU.ActiveCfg = Release|Any CPU
		{D80B0421-9348-4AEF-9C77-543D0D888423}.Release|Any CPU.Build.0 = Release|Any CPU
		{E7375947-F412-4504-A8FE-2283AA1D3A55}.Debug|Any CPU.ActiveCfg = Debug|Any CPU
		{E7375947-F412-4504-A8FE-2283AA1D3A55}.Debug|Any CPU.Build.0 = Debug|Any CPU
		{E7375947-F412-4504-A8FE-2283AA1D3A55}.Release|Any CPU.ActiveCfg = Release|Any CPU
		{E7375947-F412-4504-A8FE-2283AA1D3A55}.Release|Any CPU.Build.0 = Release|Any CPU
		{9038E353-588A-401E-91B3-09C867EAC2F6}.Debug|Any CPU.ActiveCfg = Debug|Any CPU
		{9038E353-588A-401E-91B3-09C867EAC2F6}.Debug|Any CPU.Build.0 = Debug|Any CPU
		{9038E353-588A-401E-91B3-09C867EAC2F6}.Release|Any CPU.ActiveCfg = Release|Any CPU
		{9038E353-588A-401E-91B3-09C867EAC2F6}.Release|Any CPU.Build.0 = Release|Any CPU
		{BA18888E-E078-4669-AE1D-114D5666DFF3}.Debug|Any CPU.ActiveCfg = Debug|Any CPU
		{BA18888E-E078-4669-AE1D-114D5666DFF3}.Debug|Any CPU.Build.0 = Debug|Any CPU
		{BA18888E-E078-4669-AE1D-114D5666DFF3}.Release|Any CPU.ActiveCfg = Release|Any CPU
		{BA18888E-E078-4669-AE1D-114D5666DFF3}.Release|Any CPU.Build.0 = Release|Any CPU
		{9550ECD9-9C37-4671-9EC4-163A437766B5}.Debug|Any CPU.ActiveCfg = Debug|Any CPU
		{9550ECD9-9C37-4671-9EC4-163A437766B5}.Debug|Any CPU.Build.0 = Debug|Any CPU
		{9550ECD9-9C37-4671-9EC4-163A437766B5}.Release|Any CPU.ActiveCfg = Release|Any CPU
		{9550ECD9-9C37-4671-9EC4-163A437766B5}.Release|Any CPU.Build.0 = Release|Any CPU
		{6893D4D3-3260-42BD-9FCE-A7B352209D18}.Debug|Any CPU.ActiveCfg = Debug|Any CPU
		{6893D4D3-3260-42BD-9FCE-A7B352209D18}.Debug|Any CPU.Build.0 = Debug|Any CPU
		{6893D4D3-3260-42BD-9FCE-A7B352209D18}.Release|Any CPU.ActiveCfg = Release|Any CPU
		{6893D4D3-3260-42BD-9FCE-A7B352209D18}.Release|Any CPU.Build.0 = Release|Any CPU
		{18FC860A-4920-4BB4-BF5B-31F42FD40222}.Debug|Any CPU.ActiveCfg = Debug|Any CPU
		{18FC860A-4920-4BB4-BF5B-31F42FD40222}.Debug|Any CPU.Build.0 = Debug|Any CPU
		{18FC860A-4920-4BB4-BF5B-31F42FD40222}.Release|Any CPU.ActiveCfg = Release|Any CPU
		{18FC860A-4920-4BB4-BF5B-31F42FD40222}.Release|Any CPU.Build.0 = Release|Any CPU
		{07BBD0FA-F24F-492A-98D7-C07218556532}.Debug|Any CPU.ActiveCfg = Debug|Any CPU
		{07BBD0FA-F24F-492A-98D7-C07218556532}.Debug|Any CPU.Build.0 = Debug|Any CPU
		{07BBD0FA-F24F-492A-98D7-C07218556532}.Release|Any CPU.ActiveCfg = Release|Any CPU
		{07BBD0FA-F24F-492A-98D7-C07218556532}.Release|Any CPU.Build.0 = Release|Any CPU
		{DBAF7059-9527-43F6-A78D-F4CA98E51B00}.Debug|Any CPU.ActiveCfg = Debug|Any CPU
		{DBAF7059-9527-43F6-A78D-F4CA98E51B00}.Debug|Any CPU.Build.0 = Debug|Any CPU
		{DBAF7059-9527-43F6-A78D-F4CA98E51B00}.Release|Any CPU.ActiveCfg = Release|Any CPU
		{DBAF7059-9527-43F6-A78D-F4CA98E51B00}.Release|Any CPU.Build.0 = Release|Any CPU
		{8A93A2CE-9F16-45D6-A8C0-8319620F1A44}.Debug|Any CPU.ActiveCfg = Debug|Any CPU
		{8A93A2CE-9F16-45D6-A8C0-8319620F1A44}.Debug|Any CPU.Build.0 = Debug|Any CPU
		{8A93A2CE-9F16-45D6-A8C0-8319620F1A44}.Release|Any CPU.ActiveCfg = Release|Any CPU
		{8A93A2CE-9F16-45D6-A8C0-8319620F1A44}.Release|Any CPU.Build.0 = Release|Any CPU
		{BB33C450-AB82-4819-89E2-FECD2FD7729C}.Debug|Any CPU.ActiveCfg = Debug|Any CPU
		{BB33C450-AB82-4819-89E2-FECD2FD7729C}.Debug|Any CPU.Build.0 = Debug|Any CPU
		{BB33C450-AB82-4819-89E2-FECD2FD7729C}.Release|Any CPU.ActiveCfg = Release|Any CPU
		{BB33C450-AB82-4819-89E2-FECD2FD7729C}.Release|Any CPU.Build.0 = Release|Any CPU
		{78C95C83-9F26-45B1-9C7C-9999AE9DE981}.Debug|Any CPU.ActiveCfg = Debug|Any CPU
		{78C95C83-9F26-45B1-9C7C-9999AE9DE981}.Debug|Any CPU.Build.0 = Debug|Any CPU
		{78C95C83-9F26-45B1-9C7C-9999AE9DE981}.Release|Any CPU.ActiveCfg = Release|Any CPU
		{78C95C83-9F26-45B1-9C7C-9999AE9DE981}.Release|Any CPU.Build.0 = Release|Any CPU
		{14D9C04C-2DB6-46F7-A128-49B8145C69FB}.Debug|Any CPU.ActiveCfg = Debug|Any CPU
		{14D9C04C-2DB6-46F7-A128-49B8145C69FB}.Debug|Any CPU.Build.0 = Debug|Any CPU
		{14D9C04C-2DB6-46F7-A128-49B8145C69FB}.Release|Any CPU.ActiveCfg = Release|Any CPU
		{14D9C04C-2DB6-46F7-A128-49B8145C69FB}.Release|Any CPU.Build.0 = Release|Any CPU
		{D9CBD7DC-5F8E-4200-B683-E9801C66267B}.Debug|Any CPU.ActiveCfg = Debug|Any CPU
		{D9CBD7DC-5F8E-4200-B683-E9801C66267B}.Debug|Any CPU.Build.0 = Debug|Any CPU
		{D9CBD7DC-5F8E-4200-B683-E9801C66267B}.Release|Any CPU.ActiveCfg = Release|Any CPU
		{D9CBD7DC-5F8E-4200-B683-E9801C66267B}.Release|Any CPU.Build.0 = Release|Any CPU
		{5A177F1C-0C0A-4310-9D47-511B80CA2851}.Debug|Any CPU.ActiveCfg = Debug|Any CPU
		{5A177F1C-0C0A-4310-9D47-511B80CA2851}.Debug|Any CPU.Build.0 = Debug|Any CPU
		{5A177F1C-0C0A-4310-9D47-511B80CA2851}.Release|Any CPU.ActiveCfg = Release|Any CPU
		{5A177F1C-0C0A-4310-9D47-511B80CA2851}.Release|Any CPU.Build.0 = Release|Any CPU
		{8DEBFFEE-8F01-4981-9175-14C8C239B2FB}.Debug|Any CPU.ActiveCfg = Debug|Any CPU
		{8DEBFFEE-8F01-4981-9175-14C8C239B2FB}.Debug|Any CPU.Build.0 = Debug|Any CPU
		{8DEBFFEE-8F01-4981-9175-14C8C239B2FB}.Release|Any CPU.ActiveCfg = Release|Any CPU
		{8DEBFFEE-8F01-4981-9175-14C8C239B2FB}.Release|Any CPU.Build.0 = Release|Any CPU
		{D982A048-3CBB-4A6C-8842-B66B54D1BF4D}.Debug|Any CPU.ActiveCfg = Debug|Any CPU
		{D982A048-3CBB-4A6C-8842-B66B54D1BF4D}.Debug|Any CPU.Build.0 = Debug|Any CPU
		{D982A048-3CBB-4A6C-8842-B66B54D1BF4D}.Release|Any CPU.ActiveCfg = Release|Any CPU
		{D982A048-3CBB-4A6C-8842-B66B54D1BF4D}.Release|Any CPU.Build.0 = Release|Any CPU
		{3ED4E44C-16D3-4168-9FB2-C24E265AE78D}.Debug|Any CPU.ActiveCfg = Debug|Any CPU
		{3ED4E44C-16D3-4168-9FB2-C24E265AE78D}.Debug|Any CPU.Build.0 = Debug|Any CPU
		{3ED4E44C-16D3-4168-9FB2-C24E265AE78D}.Release|Any CPU.ActiveCfg = Release|Any CPU
		{3ED4E44C-16D3-4168-9FB2-C24E265AE78D}.Release|Any CPU.Build.0 = Release|Any CPU
		{AEC00FDA-9A0F-42CB-96AC-8E8624176BDD}.Debug|Any CPU.ActiveCfg = Debug|Any CPU
		{AEC00FDA-9A0F-42CB-96AC-8E8624176BDD}.Debug|Any CPU.Build.0 = Debug|Any CPU
		{AEC00FDA-9A0F-42CB-96AC-8E8624176BDD}.Release|Any CPU.ActiveCfg = Release|Any CPU
		{AEC00FDA-9A0F-42CB-96AC-8E8624176BDD}.Release|Any CPU.Build.0 = Release|Any CPU
		{24107F4C-EF64-4CDB-9950-685B63E60885}.Debug|Any CPU.ActiveCfg = Debug|Any CPU
		{24107F4C-EF64-4CDB-9950-685B63E60885}.Debug|Any CPU.Build.0 = Debug|Any CPU
		{24107F4C-EF64-4CDB-9950-685B63E60885}.Release|Any CPU.ActiveCfg = Release|Any CPU
		{24107F4C-EF64-4CDB-9950-685B63E60885}.Release|Any CPU.Build.0 = Release|Any CPU
	EndGlobalSection
	GlobalSection(SolutionProperties) = preSolution
		HideSolutionNode = FALSE
	EndGlobalSection
	GlobalSection(NestedProjects) = preSolution
		{A09BD965-83D2-4501-BD0B-B474D85076FA} = {26DA8121-5186-4D5E-B45B-A0A750E8B746}
		{211E0237-786E-47E4-8B05-152AEB031738} = {A6FA024F-5091-4304-B2B3-6171500E9C73}
		{553B442A-756C-47E9-B234-7ADDA0CCEB59} = {211E0237-786E-47E4-8B05-152AEB031738}
		{0971C41B-AD5A-488E-9953-9CF0F9CEA1ED} = {211E0237-786E-47E4-8B05-152AEB031738}
		{F000D96A-4F95-4E51-B831-FC887B08733F} = {211E0237-786E-47E4-8B05-152AEB031738}
		{8AC0BF50-651E-4ECB-A394-312420CF8198} = {211E0237-786E-47E4-8B05-152AEB031738}
		{52B2CD6F-794C-440B-A490-0A5EC1621E59} = {211E0237-786E-47E4-8B05-152AEB031738}
		{B72FFD28-DC7D-4BD8-B954-BA1F961D8FBE} = {211E0237-786E-47E4-8B05-152AEB031738}
		{E7F5C203-44BE-4E2C-A39A-32DD4DE65524} = {E553F8EC-654D-44BD-B0C0-890F2393283B}
		{73651A9C-0BE0-4E10-80D6-129289CF9497} = {E553F8EC-654D-44BD-B0C0-890F2393283B}
		{EAD573E2-5D11-4B93-BD9A-DCA2A7EC976F} = {8302448B-5A66-471B-93AE-DE54FD9C93CD}
		{8C8510F3-7B7F-4835-82C7-5D3FAF2B73B3} = {EAD573E2-5D11-4B93-BD9A-DCA2A7EC976F}
		{9B9B9CA9-0973-49A4-8AA9-A2D0C9D37664} = {A6FA024F-5091-4304-B2B3-6171500E9C73}
		{B1095134-4ECB-4065-9A5E-B081372FD010} = {9B9B9CA9-0973-49A4-8AA9-A2D0C9D37664}
		{6AB59994-2F96-4396-8A90-EA82C15375F7} = {8302448B-5A66-471B-93AE-DE54FD9C93CD}
		{D80B0421-9348-4AEF-9C77-543D0D888423} = {6AB59994-2F96-4396-8A90-EA82C15375F7}
		{14B8D375-1858-43FD-85B7-DE5B97FDF6D8} = {8302448B-5A66-471B-93AE-DE54FD9C93CD}
		{E7375947-F412-4504-A8FE-2283AA1D3A55} = {14B8D375-1858-43FD-85B7-DE5B97FDF6D8}
		{9038E353-588A-401E-91B3-09C867EAC2F6} = {14B8D375-1858-43FD-85B7-DE5B97FDF6D8}
		{BA18888E-E078-4669-AE1D-114D5666DFF3} = {EAD573E2-5D11-4B93-BD9A-DCA2A7EC976F}
		{9550ECD9-9C37-4671-9EC4-163A437766B5} = {EAD573E2-5D11-4B93-BD9A-DCA2A7EC976F}
		{6893D4D3-3260-42BD-9FCE-A7B352209D18} = {EAD573E2-5D11-4B93-BD9A-DCA2A7EC976F}
		{18FC860A-4920-4BB4-BF5B-31F42FD40222} = {EAD573E2-5D11-4B93-BD9A-DCA2A7EC976F}
		{07BBD0FA-F24F-492A-98D7-C07218556532} = {EAD573E2-5D11-4B93-BD9A-DCA2A7EC976F}
		{CF3172FA-DB84-40BA-A8E5-E12A5969FE1C} = {8302448B-5A66-471B-93AE-DE54FD9C93CD}
		{DBAF7059-9527-43F6-A78D-F4CA98E51B00} = {CF3172FA-DB84-40BA-A8E5-E12A5969FE1C}
		{8A93A2CE-9F16-45D6-A8C0-8319620F1A44} = {CF3172FA-DB84-40BA-A8E5-E12A5969FE1C}
		{BB33C450-AB82-4819-89E2-FECD2FD7729C} = {EAD573E2-5D11-4B93-BD9A-DCA2A7EC976F}
		{78C95C83-9F26-45B1-9C7C-9999AE9DE981} = {EAD573E2-5D11-4B93-BD9A-DCA2A7EC976F}
		{14D9C04C-2DB6-46F7-A128-49B8145C69FB} = {6AB59994-2F96-4396-8A90-EA82C15375F7}
		{D9CBD7DC-5F8E-4200-B683-E9801C66267B} = {EAD573E2-5D11-4B93-BD9A-DCA2A7EC976F}
		{5A177F1C-0C0A-4310-9D47-511B80CA2851} = {EAD573E2-5D11-4B93-BD9A-DCA2A7EC976F}
		{8DEBFFEE-8F01-4981-9175-14C8C239B2FB} = {EAD573E2-5D11-4B93-BD9A-DCA2A7EC976F}
		{D982A048-3CBB-4A6C-8842-B66B54D1BF4D} = {EAD573E2-5D11-4B93-BD9A-DCA2A7EC976F}
		{3ED4E44C-16D3-4168-9FB2-C24E265AE78D} = {EAD573E2-5D11-4B93-BD9A-DCA2A7EC976F}
		{AEC00FDA-9A0F-42CB-96AC-8E8624176BDD} = {EAD573E2-5D11-4B93-BD9A-DCA2A7EC976F}
		{1693B2AD-8EAB-43AD-8836-47361159F6D4} = {8302448B-5A66-471B-93AE-DE54FD9C93CD}
		{24107F4C-EF64-4CDB-9950-685B63E60885} = {1693B2AD-8EAB-43AD-8836-47361159F6D4}
	EndGlobalSection
	GlobalSection(ExtensibilityGlobals) = postSolution
		SolutionGuid = {6119DE53-ACA8-46FA-8FAD-48148F13017A}
	EndGlobalSection
EndGlobal
